
Microsoft Visual Studio Solution File, Format Version 12.00
# Visual Studio Version 16
VisualStudioVersion = 16.0.33801.447
MinimumVisualStudioVersion = 10.0.40219.1
Project("{FAE04EC0-301F-11D3-BF4B-00C04F79EFBC}") = "Ethereum-Balance-Checker", "Ethereum-Balance-Checker\Ethereum-Balance-Checker.csproj", "{476F2F39-C773-4F58-B447-B00BF74EEE20}"
EndProject
Global
	GlobalSection(SolutionConfigurationPlatforms) = preSolution
		Debug|Any CPU = Debug|Any CPU
		Release|Any CPU = Release|Any CPU
	EndGlobalSection
	GlobalSection(ProjectConfigurationPlatforms) = postSolution
		{476F2F39-C773-4F58-B447-B00BF74EEE20}.Debug|Any CPU.ActiveCfg = Debug|Any CPU
		{476F2F39-C773-4F58-B447-B00BF74EEE20}.Debug|Any CPU.Build.0 = Debug|Any CPU
		{476F2F39-C773-4F58-B447-B00BF74EEE20}.Release|Any CPU.ActiveCfg = Release|Any CPU
		{476F2F39-C773-4F58-B447-B00BF74EEE20}.Release|Any CPU.Build.0 = Release|Any CPU
	EndGlobalSection
	GlobalSection(SolutionProperties) = preSolution
		HideSolutionNode = FALSE
	EndGlobalSection
	GlobalSection(ExtensibilityGlobals) = postSolution
		SolutionGuid = {AFE20BDF-E35C-40F9-9A78-3E08D4AB9141}
	EndGlobalSection
EndGlobal
